
Microsoft Visual Studio Solution File, Format Version 12.00
Project("{2150E333-8FDC-42A3-9474-1A3956D46DE8}") = "1.UnitTesting", "1.UnitTesting", "{AB99C3FB-B7B1-4F15-AD73-FD6D7B38E990}"
EndProject
Project("{2150E333-8FDC-42A3-9474-1A3956D46DE8}") = "1.Introduction", "1.Introduction", "{9301C351-1CC9-473B-AF75-845194B5AFAE}"
EndProject
Project("{2150E333-8FDC-42A3-9474-1A3956D46DE8}") = "2.DeepDive", "2.DeepDive", "{0126CC5F-E4DE-401A-B0AD-FC58221D9A55}"
EndProject
Project("{2150E333-8FDC-42A3-9474-1A3956D46DE8}") = "src", "src", "{8F99AFF6-48B5-4904-8395-5CD596051F4D}"
EndProject
Project("{2150E333-8FDC-42A3-9474-1A3956D46DE8}") = "tests", "tests", "{9590C6F4-CE4A-4830-8537-A1D5F26D0F2B}"
EndProject
Project("{FAE04EC0-301F-11D3-BF4B-00C04F79EFBC}") = "ForeignExchange.Api", "1.UnitTesting\2.DeepDive\src\ForeignExchange.Api\ForeignExchange.Api.csproj", "{8247F9E4-7777-46C5-AD3F-909CFFAA8761}"
EndProject
Project("{FAE04EC0-301F-11D3-BF4B-00C04F79EFBC}") = "EdgeCases", "1.UnitTesting\2.DeepDive\src\EdgeCases\EdgeCases.csproj", "{62D72489-EA50-4B23-9A72-BE5D414E7F74}"
EndProject
Project("{FAE04EC0-301F-11D3-BF4B-00C04F79EFBC}") = "ForeignExchange.Api.Tests.Unit", "1.UnitTesting\2.DeepDive\tests\ForeignExchange.Api.Tests.Unit\ForeignExchange.Api.Tests.Unit.csproj", "{F5C21A8D-2E1E-4A1A-B8E5-1CC492D6AF13}"
EndProject
Project("{FAE04EC0-301F-11D3-BF4B-00C04F79EFBC}") = "EdgeCases.Tests.Unit", "1.UnitTesting\2.DeepDive\tests\EdgeCases.Tests.Unit\EdgeCases.Tests.Unit.csproj", "{80D05378-703E-4A4C-852A-F4BDE6F4C6D7}"
EndProject
Project("{2150E333-8FDC-42A3-9474-1A3956D46DE8}") = "4.TDD", "4.TDD", "{A3F99AAF-2B1F-4249-BAD9-86FA672E795D}"
EndProject
Project("{2150E333-8FDC-42A3-9474-1A3956D46DE8}") = "src", "src", "{B0B9E70D-A32D-4354-9D0F-E54824FB70FB}"
EndProject
Project("{2150E333-8FDC-42A3-9474-1A3956D46DE8}") = "tests", "tests", "{42598323-DB7D-46FE-B0C6-32E261D0BB20}"
EndProject
Project("{FAE04EC0-301F-11D3-BF4B-00C04F79EFBC}") = "StringCalculator", "1.UnitTesting\4.TDD\src\StringCalculator\StringCalculator.csproj", "{6A2E96C3-0DAE-4B96-A72B-26AE51CE4F43}"
EndProject
Project("{FAE04EC0-301F-11D3-BF4B-00C04F79EFBC}") = "StringCalculator.Tests.Unit", "1.UnitTesting\4.TDD\tests\StringCalculator.Tests.Unit\StringCalculator.Tests.Unit.csproj", "{28549F46-CFA5-46EB-8DFC-987C082385F2}"
EndProject
Project("{2150E333-8FDC-42A3-9474-1A3956D46DE8}") = "5.MutationTesting", "5.MutationTesting", "{70C7BD47-DE1C-471E-916E-4FB203F7D315}"
EndProject
Project("{2150E333-8FDC-42A3-9474-1A3956D46DE8}") = "src", "src", "{9D562B36-FEA7-417D-8B76-C5A45E725178}"
EndProject
Project("{2150E333-8FDC-42A3-9474-1A3956D46DE8}") = "tests", "tests", "{BF3CA0A7-C06C-4735-A3F7-4291683555C0}"
EndProject
Project("{FAE04EC0-301F-11D3-BF4B-00C04F79EFBC}") = "AwesomeCalculator", "1.UnitTesting\5.MutationTesting\src\AwesomeCalculator\AwesomeCalculator.csproj", "{0C14DFE6-214A-4B67-88C1-9E97B02E61E5}"
EndProject
Project("{FAE04EC0-301F-11D3-BF4B-00C04F79EFBC}") = "AwesomeCalculator.Tests.Unit", "1.UnitTesting\5.MutationTesting\tests\AwesomeCalculator.Tests.Unit\AwesomeCalculator.Tests.Unit.csproj", "{2810C5D8-B159-4642-A867-42796DC664B6}"
EndProject
Project("{2150E333-8FDC-42A3-9474-1A3956D46DE8}") = "2.IntegrationTesting", "2.IntegrationTesting", "{817760B8-71BB-49CB-922A-AA90946ED416}"
EndProject
Project("{2150E333-8FDC-42A3-9474-1A3956D46DE8}") = "Assets", "Assets", "{6D6FCE99-B022-4E6D-90A9-EB4B71546428}"
	ProjectSection(SolutionItems) = preProject
		2.IntegrationTesting\Assets\Integration Testing Workshop.postman_collection.json = 2.IntegrationTesting\Assets\Integration Testing Workshop.postman_collection.json
	EndProjectSection
EndProject
Project("{2150E333-8FDC-42A3-9474-1A3956D46DE8}") = "1.ApiTesting", "1.ApiTesting", "{F02D2259-6A64-4C17-8D5F-3469811F20AE}"
EndProject
Project("{2150E333-8FDC-42A3-9474-1A3956D46DE8}") = "src", "src", "{DF12A6F7-7E46-4D44-A305-38E81E80A7CC}"
EndProject
Project("{2150E333-8FDC-42A3-9474-1A3956D46DE8}") = "tests", "tests", "{D8D7B813-7EF2-46F1-9729-1B05C5FF387B}"
EndProject
Project("{FAE04EC0-301F-11D3-BF4B-00C04F79EFBC}") = "Customers.Api", "2.IntegrationTesting\1.ApiTesting\src\Customers.Api\Customers.Api.csproj", "{4C190867-A46B-4CE8-A83A-131752B2A9A5}"
EndProject
Project("{FAE04EC0-301F-11D3-BF4B-00C04F79EFBC}") = "Customers.Api.Tests.Integration", "2.IntegrationTesting\1.ApiTesting\tests\Customers.Api.Tests.Integration\Customers.Api.Tests.Integration.csproj", "{79AE93DD-3175-4DC2-BFA0-D5ABBC4621C9}"
EndProject
Project("{2150E333-8FDC-42A3-9474-1A3956D46DE8}") = "2.UiTesting", "2.UiTesting", "{6605A7A4-BCC0-4D0D-8CE0-645BE68188EB}"
EndProject
Project("{2150E333-8FDC-42A3-9474-1A3956D46DE8}") = "src", "src", "{10B87A0C-E1AA-48FE-8490-746AA459D270}"
EndProject
Project("{2150E333-8FDC-42A3-9474-1A3956D46DE8}") = "tests", "tests", "{1562EA2B-4182-4C05-A945-05E6F9AA0DA2}"
EndProject
Project("{FAE04EC0-301F-11D3-BF4B-00C04F79EFBC}") = "Customers.WebApp", "2.IntegrationTesting\2.UiTesting\src\Customers.WebApp\Customers.WebApp.csproj", "{71EA81E6-E986-40B7-83CF-28D5374EE4FC}"
EndProject
Project("{FAE04EC0-301F-11D3-BF4B-00C04F79EFBC}") = "Customers.WebApp.Tests.Integration", "2.IntegrationTesting\2.UiTesting\tests\Customers.WebApp.Tests.Integration\Customers.WebApp.Tests.Integration.csproj", "{F960440C-0FDD-4044-8F22-C9EB43B7D3E9}"
EndProject
Project("{FAE04EC0-301F-11D3-BF4B-00C04F79EFBC}") = "Customers.WebApp.Auto", "2.IntegrationTesting\2.UiTesting\src\Customers.WebApp.Auto\Customers.WebApp.Auto.csproj", "{56CCAF5B-5892-4880-BC55-5A04B3934E99}"
EndProject
Project("{2150E333-8FDC-42A3-9474-1A3956D46DE8}") = "3.Refactoring", "3.Refactoring", "{834912F2-0882-44AC-924B-B5A4784ED9E7}"
EndProject
Project("{2150E333-8FDC-42A3-9474-1A3956D46DE8}") = "src", "src", "{E9D663DD-E1D3-4D5B-8DB5-9C34DEA2E9A2}"
EndProject
Project("{2150E333-8FDC-42A3-9474-1A3956D46DE8}") = "tests", "tests", "{53CECE3F-2BE9-46F1-971D-2E946F669E66}"
EndProject
Project("{FAE04EC0-301F-11D3-BF4B-00C04F79EFBC}") = "LegacyApp", "1.UnitTesting\3.Refactoring\src\LegacyApp\LegacyApp.csproj", "{556CB66D-BA5D-40A8-A5D1-9B8D49824B3B}"
EndProject
Project("{FAE04EC0-301F-11D3-BF4B-00C04F79EFBC}") = "LegacyApp.Consumer", "1.UnitTesting\3.Refactoring\src\LegacyApp.Consumer\LegacyApp.Consumer.csproj", "{8E4B214C-4EC1-4F3E-80C2-4774FF516699}"
EndProject
Project("{FAE04EC0-301F-11D3-BF4B-00C04F79EFBC}") = "LegacyApp.Tests.Unit", "1.UnitTesting\3.Refactoring\tests\LegacyApp.Tests.Unit\LegacyApp.Tests.Unit.csproj", "{04AE5E34-548C-4DE4-A24C-7EE816096825}"
EndProject
Project("{2150E333-8FDC-42A3-9474-1A3956D46DE8}") = "src", "src", "{7F7F41DA-37A1-47F4-BA87-AB3B035B68ED}"
EndProject
Project("{2150E333-8FDC-42A3-9474-1A3956D46DE8}") = "tests", "tests", "{1D1E7123-2320-40D2-98FC-C6E653CDCF62}"
EndProject
Project("{FAE04EC0-301F-11D3-BF4B-00C04F79EFBC}") = "AmazingCalculator", "1.UnitTesting\1.Introduction\src\AmazingCalculator\AmazingCalculator.csproj", "{92FD9C67-4DBC-46DE-AD97-D7FE223EAD3D}"
EndProject
Project("{FAE04EC0-301F-11D3-BF4B-00C04F79EFBC}") = "AmazingCalculator.Tests.Unit", "1.UnitTesting\1.Introduction\tests\AmazingCalculator.Tests.Unit\AmazingCalculator.Tests.Unit.csproj", "{01EB56F4-C696-4794-AB43-7F696FA0BD48}"
EndProject
Project("{FAE04EC0-301F-11D3-BF4B-00C04F79EFBC}") = "GitHub.Api.Fake", "2.IntegrationTesting\1.ApiTesting\src\GitHub.Api.Fake\GitHub.Api.Fake.csproj", "{CB9A29FD-5D36-4F90-9E37-366FA987F565}"
EndProject
Global
	GlobalSection(SolutionConfigurationPlatforms) = preSolution
		Debug|Any CPU = Debug|Any CPU
		Release|Any CPU = Release|Any CPU
	EndGlobalSection
	GlobalSection(NestedProjects) = preSolution
		{9301C351-1CC9-473B-AF75-845194B5AFAE} = {AB99C3FB-B7B1-4F15-AD73-FD6D7B38E990}
		{0126CC5F-E4DE-401A-B0AD-FC58221D9A55} = {AB99C3FB-B7B1-4F15-AD73-FD6D7B38E990}
		{8F99AFF6-48B5-4904-8395-5CD596051F4D} = {0126CC5F-E4DE-401A-B0AD-FC58221D9A55}
		{9590C6F4-CE4A-4830-8537-A1D5F26D0F2B} = {0126CC5F-E4DE-401A-B0AD-FC58221D9A55}
		{8247F9E4-7777-46C5-AD3F-909CFFAA8761} = {8F99AFF6-48B5-4904-8395-5CD596051F4D}
		{62D72489-EA50-4B23-9A72-BE5D414E7F74} = {8F99AFF6-48B5-4904-8395-5CD596051F4D}
		{F5C21A8D-2E1E-4A1A-B8E5-1CC492D6AF13} = {9590C6F4-CE4A-4830-8537-A1D5F26D0F2B}
		{80D05378-703E-4A4C-852A-F4BDE6F4C6D7} = {9590C6F4-CE4A-4830-8537-A1D5F26D0F2B}
		{A3F99AAF-2B1F-4249-BAD9-86FA672E795D} = {AB99C3FB-B7B1-4F15-AD73-FD6D7B38E990}
		{B0B9E70D-A32D-4354-9D0F-E54824FB70FB} = {A3F99AAF-2B1F-4249-BAD9-86FA672E795D}
		{42598323-DB7D-46FE-B0C6-32E261D0BB20} = {A3F99AAF-2B1F-4249-BAD9-86FA672E795D}
		{6A2E96C3-0DAE-4B96-A72B-26AE51CE4F43} = {B0B9E70D-A32D-4354-9D0F-E54824FB70FB}
		{28549F46-CFA5-46EB-8DFC-987C082385F2} = {42598323-DB7D-46FE-B0C6-32E261D0BB20}
		{70C7BD47-DE1C-471E-916E-4FB203F7D315} = {AB99C3FB-B7B1-4F15-AD73-FD6D7B38E990}
		{9D562B36-FEA7-417D-8B76-C5A45E725178} = {70C7BD47-DE1C-471E-916E-4FB203F7D315}
		{BF3CA0A7-C06C-4735-A3F7-4291683555C0} = {70C7BD47-DE1C-471E-916E-4FB203F7D315}
		{0C14DFE6-214A-4B67-88C1-9E97B02E61E5} = {9D562B36-FEA7-417D-8B76-C5A45E725178}
		{2810C5D8-B159-4642-A867-42796DC664B6} = {BF3CA0A7-C06C-4735-A3F7-4291683555C0}
		{6D6FCE99-B022-4E6D-90A9-EB4B71546428} = {817760B8-71BB-49CB-922A-AA90946ED416}
		{F02D2259-6A64-4C17-8D5F-3469811F20AE} = {817760B8-71BB-49CB-922A-AA90946ED416}
		{DF12A6F7-7E46-4D44-A305-38E81E80A7CC} = {F02D2259-6A64-4C17-8D5F-3469811F20AE}
		{D8D7B813-7EF2-46F1-9729-1B05C5FF387B} = {F02D2259-6A64-4C17-8D5F-3469811F20AE}
		{4C190867-A46B-4CE8-A83A-131752B2A9A5} = {DF12A6F7-7E46-4D44-A305-38E81E80A7CC}
		{79AE93DD-3175-4DC2-BFA0-D5ABBC4621C9} = {D8D7B813-7EF2-46F1-9729-1B05C5FF387B}
		{6605A7A4-BCC0-4D0D-8CE0-645BE68188EB} = {817760B8-71BB-49CB-922A-AA90946ED416}
		{10B87A0C-E1AA-48FE-8490-746AA459D270} = {6605A7A4-BCC0-4D0D-8CE0-645BE68188EB}
		{1562EA2B-4182-4C05-A945-05E6F9AA0DA2} = {6605A7A4-BCC0-4D0D-8CE0-645BE68188EB}
		{71EA81E6-E986-40B7-83CF-28D5374EE4FC} = {10B87A0C-E1AA-48FE-8490-746AA459D270}
		{F960440C-0FDD-4044-8F22-C9EB43B7D3E9} = {1562EA2B-4182-4C05-A945-05E6F9AA0DA2}
		{56CCAF5B-5892-4880-BC55-5A04B3934E99} = {10B87A0C-E1AA-48FE-8490-746AA459D270}
		{834912F2-0882-44AC-924B-B5A4784ED9E7} = {AB99C3FB-B7B1-4F15-AD73-FD6D7B38E990}
		{E9D663DD-E1D3-4D5B-8DB5-9C34DEA2E9A2} = {834912F2-0882-44AC-924B-B5A4784ED9E7}
		{53CECE3F-2BE9-46F1-971D-2E946F669E66} = {834912F2-0882-44AC-924B-B5A4784ED9E7}
		{556CB66D-BA5D-40A8-A5D1-9B8D49824B3B} = {E9D663DD-E1D3-4D5B-8DB5-9C34DEA2E9A2}
		{8E4B214C-4EC1-4F3E-80C2-4774FF516699} = {E9D663DD-E1D3-4D5B-8DB5-9C34DEA2E9A2}
		{04AE5E34-548C-4DE4-A24C-7EE816096825} = {53CECE3F-2BE9-46F1-971D-2E946F669E66}
		{7F7F41DA-37A1-47F4-BA87-AB3B035B68ED} = {9301C351-1CC9-473B-AF75-845194B5AFAE}
		{1D1E7123-2320-40D2-98FC-C6E653CDCF62} = {9301C351-1CC9-473B-AF75-845194B5AFAE}
		{92FD9C67-4DBC-46DE-AD97-D7FE223EAD3D} = {7F7F41DA-37A1-47F4-BA87-AB3B035B68ED}
		{01EB56F4-C696-4794-AB43-7F696FA0BD48} = {1D1E7123-2320-40D2-98FC-C6E653CDCF62}
		{CB9A29FD-5D36-4F90-9E37-366FA987F565} = {DF12A6F7-7E46-4D44-A305-38E81E80A7CC}
	EndGlobalSection
	GlobalSection(ProjectConfigurationPlatforms) = postSolution
		{8247F9E4-7777-46C5-AD3F-909CFFAA8761}.Debug|Any CPU.ActiveCfg = Debug|Any CPU
		{8247F9E4-7777-46C5-AD3F-909CFFAA8761}.Debug|Any CPU.Build.0 = Debug|Any CPU
		{8247F9E4-7777-46C5-AD3F-909CFFAA8761}.Release|Any CPU.ActiveCfg = Release|Any CPU
		{8247F9E4-7777-46C5-AD3F-909CFFAA8761}.Release|Any CPU.Build.0 = Release|Any CPU
		{62D72489-EA50-4B23-9A72-BE5D414E7F74}.Debug|Any CPU.ActiveCfg = Debug|Any CPU
		{62D72489-EA50-4B23-9A72-BE5D414E7F74}.Debug|Any CPU.Build.0 = Debug|Any CPU
		{62D72489-EA50-4B23-9A72-BE5D414E7F74}.Release|Any CPU.ActiveCfg = Release|Any CPU
		{62D72489-EA50-4B23-9A72-BE5D414E7F74}.Release|Any CPU.Build.0 = Release|Any CPU
		{F5C21A8D-2E1E-4A1A-B8E5-1CC492D6AF13}.Debug|Any CPU.ActiveCfg = Debug|Any CPU
		{F5C21A8D-2E1E-4A1A-B8E5-1CC492D6AF13}.Debug|Any CPU.Build.0 = Debug|Any CPU
		{F5C21A8D-2E1E-4A1A-B8E5-1CC492D6AF13}.Release|Any CPU.ActiveCfg = Release|Any CPU
		{F5C21A8D-2E1E-4A1A-B8E5-1CC492D6AF13}.Release|Any CPU.Build.0 = Release|Any CPU
		{80D05378-703E-4A4C-852A-F4BDE6F4C6D7}.Debug|Any CPU.ActiveCfg = Debug|Any CPU
		{80D05378-703E-4A4C-852A-F4BDE6F4C6D7}.Debug|Any CPU.Build.0 = Debug|Any CPU
		{80D05378-703E-4A4C-852A-F4BDE6F4C6D7}.Release|Any CPU.ActiveCfg = Release|Any CPU
		{80D05378-703E-4A4C-852A-F4BDE6F4C6D7}.Release|Any CPU.Build.0 = Release|Any CPU
		{6A2E96C3-0DAE-4B96-A72B-26AE51CE4F43}.Debug|Any CPU.ActiveCfg = Debug|Any CPU
		{6A2E96C3-0DAE-4B96-A72B-26AE51CE4F43}.Debug|Any CPU.Build.0 = Debug|Any CPU
		{6A2E96C3-0DAE-4B96-A72B-26AE51CE4F43}.Release|Any CPU.ActiveCfg = Release|Any CPU
		{6A2E96C3-0DAE-4B96-A72B-26AE51CE4F43}.Release|Any CPU.Build.0 = Release|Any CPU
		{28549F46-CFA5-46EB-8DFC-987C082385F2}.Debug|Any CPU.ActiveCfg = Debug|Any CPU
		{28549F46-CFA5-46EB-8DFC-987C082385F2}.Debug|Any CPU.Build.0 = Debug|Any CPU
		{28549F46-CFA5-46EB-8DFC-987C082385F2}.Release|Any CPU.ActiveCfg = Release|Any CPU
		{28549F46-CFA5-46EB-8DFC-987C082385F2}.Release|Any CPU.Build.0 = Release|Any CPU
		{0C14DFE6-214A-4B67-88C1-9E97B02E61E5}.Debug|Any CPU.ActiveCfg = Debug|Any CPU
		{0C14DFE6-214A-4B67-88C1-9E97B02E61E5}.Debug|Any CPU.Build.0 = Debug|Any CPU
		{0C14DFE6-214A-4B67-88C1-9E97B02E61E5}.Release|Any CPU.ActiveCfg = Release|Any CPU
		{0C14DFE6-214A-4B67-88C1-9E97B02E61E5}.Release|Any CPU.Build.0 = Release|Any CPU
		{2810C5D8-B159-4642-A867-42796DC664B6}.Debug|Any CPU.ActiveCfg = Debug|Any CPU
		{2810C5D8-B159-4642-A867-42796DC664B6}.Debug|Any CPU.Build.0 = Debug|Any CPU
		{2810C5D8-B159-4642-A867-42796DC664B6}.Release|Any CPU.ActiveCfg = Release|Any CPU
		{2810C5D8-B159-4642-A867-42796DC664B6}.Release|Any CPU.Build.0 = Release|Any CPU
		{4C190867-A46B-4CE8-A83A-131752B2A9A5}.Debug|Any CPU.ActiveCfg = Debug|Any CPU
		{4C190867-A46B-4CE8-A83A-131752B2A9A5}.Debug|Any CPU.Build.0 = Debug|Any CPU
		{4C190867-A46B-4CE8-A83A-131752B2A9A5}.Release|Any CPU.ActiveCfg = Release|Any CPU
		{4C190867-A46B-4CE8-A83A-131752B2A9A5}.Release|Any CPU.Build.0 = Release|Any CPU
		{79AE93DD-3175-4DC2-BFA0-D5ABBC4621C9}.Debug|Any CPU.ActiveCfg = Debug|Any CPU
		{79AE93DD-3175-4DC2-BFA0-D5ABBC4621C9}.Debug|Any CPU.Build.0 = Debug|Any CPU
		{79AE93DD-3175-4DC2-BFA0-D5ABBC4621C9}.Release|Any CPU.ActiveCfg = Release|Any CPU
		{79AE93DD-3175-4DC2-BFA0-D5ABBC4621C9}.Release|Any CPU.Build.0 = Release|Any CPU
		{71EA81E6-E986-40B7-83CF-28D5374EE4FC}.Debug|Any CPU.ActiveCfg = Debug|Any CPU
		{71EA81E6-E986-40B7-83CF-28D5374EE4FC}.Debug|Any CPU.Build.0 = Debug|Any CPU
		{71EA81E6-E986-40B7-83CF-28D5374EE4FC}.Release|Any CPU.ActiveCfg = Release|Any CPU
		{71EA81E6-E986-40B7-83CF-28D5374EE4FC}.Release|Any CPU.Build.0 = Release|Any CPU
		{F960440C-0FDD-4044-8F22-C9EB43B7D3E9}.Debug|Any CPU.ActiveCfg = Debug|Any CPU
		{F960440C-0FDD-4044-8F22-C9EB43B7D3E9}.Debug|Any CPU.Build.0 = Debug|Any CPU
		{F960440C-0FDD-4044-8F22-C9EB43B7D3E9}.Release|Any CPU.ActiveCfg = Release|Any CPU
		{F960440C-0FDD-4044-8F22-C9EB43B7D3E9}.Release|Any CPU.Build.0 = Release|Any CPU
		{56CCAF5B-5892-4880-BC55-5A04B3934E99}.Debug|Any CPU.ActiveCfg = Debug|Any CPU
		{56CCAF5B-5892-4880-BC55-5A04B3934E99}.Debug|Any CPU.Build.0 = Debug|Any CPU
		{56CCAF5B-5892-4880-BC55-5A04B3934E99}.Release|Any CPU.ActiveCfg = Release|Any CPU
		{56CCAF5B-5892-4880-BC55-5A04B3934E99}.Release|Any CPU.Build.0 = Release|Any CPU
		{556CB66D-BA5D-40A8-A5D1-9B8D49824B3B}.Debug|Any CPU.ActiveCfg = Debug|Any CPU
		{556CB66D-BA5D-40A8-A5D1-9B8D49824B3B}.Debug|Any CPU.Build.0 = Debug|Any CPU
		{556CB66D-BA5D-40A8-A5D1-9B8D49824B3B}.Release|Any CPU.ActiveCfg = Release|Any CPU
		{556CB66D-BA5D-40A8-A5D1-9B8D49824B3B}.Release|Any CPU.Build.0 = Release|Any CPU
		{8E4B214C-4EC1-4F3E-80C2-4774FF516699}.Debug|Any CPU.ActiveCfg = Debug|Any CPU
		{8E4B214C-4EC1-4F3E-80C2-4774FF516699}.Debug|Any CPU.Build.0 = Debug|Any CPU
		{8E4B214C-4EC1-4F3E-80C2-4774FF516699}.Release|Any CPU.ActiveCfg = Release|Any CPU
		{8E4B214C-4EC1-4F3E-80C2-4774FF516699}.Release|Any CPU.Build.0 = Release|Any CPU
		{04AE5E34-548C-4DE4-A24C-7EE816096825}.Debug|Any CPU.ActiveCfg = Debug|Any CPU
		{04AE5E34-548C-4DE4-A24C-7EE816096825}.Debug|Any CPU.Build.0 = Debug|Any CPU
		{04AE5E34-548C-4DE4-A24C-7EE816096825}.Release|Any CPU.ActiveCfg = Release|Any CPU
		{04AE5E34-548C-4DE4-A24C-7EE816096825}.Release|Any CPU.Build.0 = Release|Any CPU
		{92FD9C67-4DBC-46DE-AD97-D7FE223EAD3D}.Debug|Any CPU.ActiveCfg = Debug|Any CPU
		{92FD9C67-4DBC-46DE-AD97-D7FE223EAD3D}.Debug|Any CPU.Build.0 = Debug|Any CPU
		{92FD9C67-4DBC-46DE-AD97-D7FE223EAD3D}.Release|Any CPU.ActiveCfg = Release|Any CPU
		{92FD9C67-4DBC-46DE-AD97-D7FE223EAD3D}.Release|Any CPU.Build.0 = Release|Any CPU
		{01EB56F4-C696-4794-AB43-7F696FA0BD48}.Debug|Any CPU.ActiveCfg = Debug|Any CPU
		{01EB56F4-C696-4794-AB43-7F696FA0BD48}.Debug|Any CPU.Build.0 = Debug|Any CPU
		{01EB56F4-C696-4794-AB43-7F696FA0BD48}.Release|Any CPU.ActiveCfg = Release|Any CPU
		{01EB56F4-C696-4794-AB43-7F696FA0BD48}.Release|Any CPU.Build.0 = Release|Any CPU
		{CB9A29FD-5D36-4F90-9E37-366FA987F565}.Debug|Any CPU.ActiveCfg = Debug|Any CPU
		{CB9A29FD-5D36-4F90-9E37-366FA987F565}.Debug|Any CPU.Build.0 = Debug|Any CPU
		{CB9A29FD-5D36-4F90-9E37-366FA987F565}.Release|Any CPU.ActiveCfg = Release|Any CPU
		{CB9A29FD-5D36-4F90-9E37-366FA987F565}.Release|Any CPU.Build.0 = Release|Any CPU
	EndGlobalSection
EndGlobal
